
Microsoft Visual Studio Solution File, Format Version 12.00
# Visual Studio Version 16
VisualStudioVersion = 16.0.29001.49
MinimumVisualStudioVersion = 10.0.40219.1
Project("{9A19103F-16F7-4668-BE54-9A1E7A4F7556}") = "PokemonBattleEngine", "PokemonBattleEngine\PokemonBattleEngine.csproj", "{AC469C92-3871-41DD-AA00-D3E36A5BDA2F}"
EndProject
Project("{9A19103F-16F7-4668-BE54-9A1E7A4F7556}") = "PokemonBattleEngineServer", "PokemonBattleEngineServer\PokemonBattleEngineServer.csproj", "{BE8F0292-CE0E-4023-984A-17A4016518FA}"
EndProject
Project("{9A19103F-16F7-4668-BE54-9A1E7A4F7556}") = "PokemonBattleEngineClient", "PokemonBattleEngineClient\PokemonBattleEngineClient.csproj", "{BFADDEA8-741D-439C-82DF-849CB665EF84}"
EndProject
Project("{9A19103F-16F7-4668-BE54-9A1E7A4F7556}") = "PokemonBattleEngineDiscord", "PokemonBattleEngineDiscord\PokemonBattleEngineDiscord.csproj", "{CCBE5C1D-7C76-4774-B4D1-34659A5C856B}"
EndProject
Project("{9A19103F-16F7-4668-BE54-9A1E7A4F7556}") = "PokemonBattleEngineExtras", "PokemonBattleEngineExtras\PokemonBattleEngineExtras.csproj", "{31B95673-DFD2-4613-BAD6-7892CB29F4B9}"
EndProject
Project("{9A19103F-16F7-4668-BE54-9A1E7A4F7556}") = "PokemonBattleEngineClient.Desktop", "PokemonBattleEngineClient.Desktop\PokemonBattleEngineClient.Desktop.csproj", "{CEDCFABE-658C-42AB-BCE2-A96A7B17410E}"
EndProject
Project("{FAE04EC0-301F-11D3-BF4B-00C04F79EFBC}") = "PokemonBattleEngineClient.iOS", "PokemonBattleEngineClient.iOS\PokemonBattleEngineClient.iOS.csproj", "{57E0455D-D565-44BB-B069-EE1AA20F8337}"
EndProject
Project("{FAE04EC0-301F-11D3-BF4B-00C04F79EFBC}") = "PokemonBattleEngineClient.Android", "PokemonBattleEngineClient.Android\PokemonBattleEngineClient.Android.csproj", "{29132311-1848-4FD6-AE0C-4FF841151BD3}"
EndProject
Project("{9A19103F-16F7-4668-BE54-9A1E7A4F7556}") = "PokemonBattleEngineTests", "PokemonBattleEngineTests\PokemonBattleEngineTests.csproj", "{2B15A32D-C213-4C60-981A-350E1569E5DA}"
EndProject
Global
	GlobalSection(SolutionConfigurationPlatforms) = preSolution
		Ad-Hoc|Any CPU = Ad-Hoc|Any CPU
		Ad-Hoc|iPhone = Ad-Hoc|iPhone
		Ad-Hoc|iPhoneSimulator = Ad-Hoc|iPhoneSimulator
		AppStore|Any CPU = AppStore|Any CPU
		AppStore|iPhone = AppStore|iPhone
		AppStore|iPhoneSimulator = AppStore|iPhoneSimulator
		Debug|Any CPU = Debug|Any CPU
		Debug|iPhone = Debug|iPhone
		Debug|iPhoneSimulator = Debug|iPhoneSimulator
		Release|Any CPU = Release|Any CPU
		Release|iPhone = Release|iPhone
		Release|iPhoneSimulator = Release|iPhoneSimulator
	EndGlobalSection
	GlobalSection(ProjectConfigurationPlatforms) = postSolution
		{AC469C92-3871-41DD-AA00-D3E36A5BDA2F}.Ad-Hoc|Any CPU.ActiveCfg = Release|Any CPU
		{AC469C92-3871-41DD-AA00-D3E36A5BDA2F}.Ad-Hoc|Any CPU.Build.0 = Release|Any CPU
		{AC469C92-3871-41DD-AA00-D3E36A5BDA2F}.Ad-Hoc|iPhone.ActiveCfg = Release|Any CPU
		{AC469C92-3871-41DD-AA00-D3E36A5BDA2F}.Ad-Hoc|iPhone.Build.0 = Release|Any CPU
		{AC469C92-3871-41DD-AA00-D3E36A5BDA2F}.Ad-Hoc|iPhoneSimulator.ActiveCfg = Release|Any CPU
		{AC469C92-3871-41DD-AA00-D3E36A5BDA2F}.Ad-Hoc|iPhoneSimulator.Build.0 = Release|Any CPU
		{AC469C92-3871-41DD-AA00-D3E36A5BDA2F}.AppStore|Any CPU.ActiveCfg = Release|Any CPU
		{AC469C92-3871-41DD-AA00-D3E36A5BDA2F}.AppStore|Any CPU.Build.0 = Release|Any CPU
		{AC469C92-3871-41DD-AA00-D3E36A5BDA2F}.AppStore|iPhone.ActiveCfg = Release|Any CPU
		{AC469C92-3871-41DD-AA00-D3E36A5BDA2F}.AppStore|iPhone.Build.0 = Release|Any CPU
		{AC469C92-3871-41DD-AA00-D3E36A5BDA2F}.AppStore|iPhoneSimulator.ActiveCfg = Release|Any CPU
		{AC469C92-3871-41DD-AA00-D3E36A5BDA2F}.AppStore|iPhoneSimulator.Build.0 = Release|Any CPU
		{AC469C92-3871-41DD-AA00-D3E36A5BDA2F}.Debug|Any CPU.ActiveCfg = Debug|Any CPU
		{AC469C92-3871-41DD-AA00-D3E36A5BDA2F}.Debug|Any CPU.Build.0 = Debug|Any CPU
		{AC469C92-3871-41DD-AA00-D3E36A5BDA2F}.Debug|iPhone.ActiveCfg = Debug|Any CPU
		{AC469C92-3871-41DD-AA00-D3E36A5BDA2F}.Debug|iPhone.Build.0 = Debug|Any CPU
		{AC469C92-3871-41DD-AA00-D3E36A5BDA2F}.Debug|iPhoneSimulator.ActiveCfg = Debug|Any CPU
		{AC469C92-3871-41DD-AA00-D3E36A5BDA2F}.Debug|iPhoneSimulator.Build.0 = Debug|Any CPU
		{AC469C92-3871-41DD-AA00-D3E36A5BDA2F}.Release|Any CPU.ActiveCfg = Release|Any CPU
		{AC469C92-3871-41DD-AA00-D3E36A5BDA2F}.Release|Any CPU.Build.0 = Release|Any CPU
		{AC469C92-3871-41DD-AA00-D3E36A5BDA2F}.Release|iPhone.ActiveCfg = Release|Any CPU
		{AC469C92-3871-41DD-AA00-D3E36A5BDA2F}.Release|iPhone.Build.0 = Release|Any CPU
		{AC469C92-3871-41DD-AA00-D3E36A5BDA2F}.Release|iPhoneSimulator.ActiveCfg = Release|Any CPU
		{AC469C92-3871-41DD-AA00-D3E36A5BDA2F}.Release|iPhoneSimulator.Build.0 = Release|Any CPU
		{BE8F0292-CE0E-4023-984A-17A4016518FA}.Ad-Hoc|Any CPU.ActiveCfg = Release|Any CPU
		{BE8F0292-CE0E-4023-984A-17A4016518FA}.Ad-Hoc|Any CPU.Build.0 = Release|Any CPU
		{BE8F0292-CE0E-4023-984A-17A4016518FA}.Ad-Hoc|iPhone.ActiveCfg = Release|Any CPU
		{BE8F0292-CE0E-4023-984A-17A4016518FA}.Ad-Hoc|iPhone.Build.0 = Release|Any CPU
		{BE8F0292-CE0E-4023-984A-17A4016518FA}.Ad-Hoc|iPhoneSimulator.ActiveCfg = Release|Any CPU
		{BE8F0292-CE0E-4023-984A-17A4016518FA}.Ad-Hoc|iPhoneSimulator.Build.0 = Release|Any CPU
		{BE8F0292-CE0E-4023-984A-17A4016518FA}.AppStore|Any CPU.ActiveCfg = Release|Any CPU
		{BE8F0292-CE0E-4023-984A-17A4016518FA}.AppStore|Any CPU.Build.0 = Release|Any CPU
		{BE8F0292-CE0E-4023-984A-17A4016518FA}.AppStore|iPhone.ActiveCfg = Release|Any CPU
		{BE8F0292-CE0E-4023-984A-17A4016518FA}.AppStore|iPhone.Build.0 = Release|Any CPU
		{BE8F0292-CE0E-4023-984A-17A4016518FA}.AppStore|iPhoneSimulator.ActiveCfg = Release|Any CPU
		{BE8F0292-CE0E-4023-984A-17A4016518FA}.AppStore|iPhoneSimulator.Build.0 = Release|Any CPU
		{BE8F0292-CE0E-4023-984A-17A4016518FA}.Debug|Any CPU.ActiveCfg = Debug|Any CPU
		{BE8F0292-CE0E-4023-984A-17A4016518FA}.Debug|Any CPU.Build.0 = Debug|Any CPU
		{BE8F0292-CE0E-4023-984A-17A4016518FA}.Debug|iPhone.ActiveCfg = Debug|Any CPU
		{BE8F0292-CE0E-4023-984A-17A4016518FA}.Debug|iPhone.Build.0 = Debug|Any CPU
		{BE8F0292-CE0E-4023-984A-17A4016518FA}.Debug|iPhoneSimulator.ActiveCfg = Debug|Any CPU
		{BE8F0292-CE0E-4023-984A-17A4016518FA}.Debug|iPhoneSimulator.Build.0 = Debug|Any CPU
		{BE8F0292-CE0E-4023-984A-17A4016518FA}.Release|Any CPU.ActiveCfg = Release|Any CPU
		{BE8F0292-CE0E-4023-984A-17A4016518FA}.Release|Any CPU.Build.0 = Release|Any CPU
		{BE8F0292-CE0E-4023-984A-17A4016518FA}.Release|iPhone.ActiveCfg = Release|Any CPU
		{BE8F0292-CE0E-4023-984A-17A4016518FA}.Release|iPhone.Build.0 = Release|Any CPU
		{BE8F0292-CE0E-4023-984A-17A4016518FA}.Release|iPhoneSimulator.ActiveCfg = Release|Any CPU
		{BE8F0292-CE0E-4023-984A-17A4016518FA}.Release|iPhoneSimulator.Build.0 = Release|Any CPU
		{BFADDEA8-741D-439C-82DF-849CB665EF84}.Ad-Hoc|Any CPU.ActiveCfg = Release|Any CPU
		{BFADDEA8-741D-439C-82DF-849CB665EF84}.Ad-Hoc|Any CPU.Build.0 = Release|Any CPU
		{BFADDEA8-741D-439C-82DF-849CB665EF84}.Ad-Hoc|iPhone.ActiveCfg = Release|Any CPU
		{BFADDEA8-741D-439C-82DF-849CB665EF84}.Ad-Hoc|iPhone.Build.0 = Release|Any CPU
		{BFADDEA8-741D-439C-82DF-849CB665EF84}.Ad-Hoc|iPhoneSimulator.ActiveCfg = Release|Any CPU
		{BFADDEA8-741D-439C-82DF-849CB665EF84}.Ad-Hoc|iPhoneSimulator.Build.0 = Release|Any CPU
		{BFADDEA8-741D-439C-82DF-849CB665EF84}.AppStore|Any CPU.ActiveCfg = Release|Any CPU
		{BFADDEA8-741D-439C-82DF-849CB665EF84}.AppStore|Any CPU.Build.0 = Release|Any CPU
		{BFADDEA8-741D-439C-82DF-849CB665EF84}.AppStore|iPhone.ActiveCfg = Release|Any CPU
		{BFADDEA8-741D-439C-82DF-849CB665EF84}.AppStore|iPhone.Build.0 = Release|Any CPU
		{BFADDEA8-741D-439C-82DF-849CB665EF84}.AppStore|iPhoneSimulator.ActiveCfg = Release|Any CPU
		{BFADDEA8-741D-439C-82DF-849CB665EF84}.AppStore|iPhoneSimulator.Build.0 = Release|Any CPU
		{BFADDEA8-741D-439C-82DF-849CB665EF84}.Debug|Any CPU.ActiveCfg = Debug|Any CPU
		{BFADDEA8-741D-439C-82DF-849CB665EF84}.Debug|Any CPU.Build.0 = Debug|Any CPU
		{BFADDEA8-741D-439C-82DF-849CB665EF84}.Debug|iPhone.ActiveCfg = Debug|Any CPU
		{BFADDEA8-741D-439C-82DF-849CB665EF84}.Debug|iPhone.Build.0 = Debug|Any CPU
		{BFADDEA8-741D-439C-82DF-849CB665EF84}.Debug|iPhoneSimulator.ActiveCfg = Debug|Any CPU
		{BFADDEA8-741D-439C-82DF-849CB665EF84}.Debug|iPhoneSimulator.Build.0 = Debug|Any CPU
		{BFADDEA8-741D-439C-82DF-849CB665EF84}.Release|Any CPU.ActiveCfg = Release|Any CPU
		{BFADDEA8-741D-439C-82DF-849CB665EF84}.Release|Any CPU.Build.0 = Release|Any CPU
		{BFADDEA8-741D-439C-82DF-849CB665EF84}.Release|iPhone.ActiveCfg = Release|Any CPU
		{BFADDEA8-741D-439C-82DF-849CB665EF84}.Release|iPhone.Build.0 = Release|Any CPU
		{BFADDEA8-741D-439C-82DF-849CB665EF84}.Release|iPhoneSimulator.ActiveCfg = Release|Any CPU
		{BFADDEA8-741D-439C-82DF-849CB665EF84}.Release|iPhoneSimulator.Build.0 = Release|Any CPU
		{CCBE5C1D-7C76-4774-B4D1-34659A5C856B}.Ad-Hoc|Any CPU.ActiveCfg = Release|Any CPU
		{CCBE5C1D-7C76-4774-B4D1-34659A5C856B}.Ad-Hoc|Any CPU.Build.0 = Release|Any CPU
		{CCBE5C1D-7C76-4774-B4D1-34659A5C856B}.Ad-Hoc|iPhone.ActiveCfg = Release|Any CPU
		{CCBE5C1D-7C76-4774-B4D1-34659A5C856B}.Ad-Hoc|iPhone.Build.0 = Release|Any CPU
		{CCBE5C1D-7C76-4774-B4D1-34659A5C856B}.Ad-Hoc|iPhoneSimulator.ActiveCfg = Release|Any CPU
		{CCBE5C1D-7C76-4774-B4D1-34659A5C856B}.Ad-Hoc|iPhoneSimulator.Build.0 = Release|Any CPU
		{CCBE5C1D-7C76-4774-B4D1-34659A5C856B}.AppStore|Any CPU.ActiveCfg = Release|Any CPU
		{CCBE5C1D-7C76-4774-B4D1-34659A5C856B}.AppStore|Any CPU.Build.0 = Release|Any CPU
		{CCBE5C1D-7C76-4774-B4D1-34659A5C856B}.AppStore|iPhone.ActiveCfg = Release|Any CPU
		{CCBE5C1D-7C76-4774-B4D1-34659A5C856B}.AppStore|iPhone.Build.0 = Release|Any CPU
		{CCBE5C1D-7C76-4774-B4D1-34659A5C856B}.AppStore|iPhoneSimulator.ActiveCfg = Release|Any CPU
		{CCBE5C1D-7C76-4774-B4D1-34659A5C856B}.AppStore|iPhoneSimulator.Build.0 = Release|Any CPU
		{CCBE5C1D-7C76-4774-B4D1-34659A5C856B}.Debug|Any CPU.ActiveCfg = Debug|Any CPU
		{CCBE5C1D-7C76-4774-B4D1-34659A5C856B}.Debug|Any CPU.Build.0 = Debug|Any CPU
		{CCBE5C1D-7C76-4774-B4D1-34659A5C856B}.Debug|iPhone.ActiveCfg = Debug|Any CPU
		{CCBE5C1D-7C76-4774-B4D1-34659A5C856B}.Debug|iPhone.Build.0 = Debug|Any CPU
		{CCBE5C1D-7C76-4774-B4D1-34659A5C856B}.Debug|iPhoneSimulator.ActiveCfg = Debug|Any CPU
		{CCBE5C1D-7C76-4774-B4D1-34659A5C856B}.Debug|iPhoneSimulator.Build.0 = Debug|Any CPU
		{CCBE5C1D-7C76-4774-B4D1-34659A5C856B}.Release|Any CPU.ActiveCfg = Release|Any CPU
		{CCBE5C1D-7C76-4774-B4D1-34659A5C856B}.Release|Any CPU.Build.0 = Release|Any CPU
		{CCBE5C1D-7C76-4774-B4D1-34659A5C856B}.Release|iPhone.ActiveCfg = Release|Any CPU
		{CCBE5C1D-7C76-4774-B4D1-34659A5C856B}.Release|iPhone.Build.0 = Release|Any CPU
		{CCBE5C1D-7C76-4774-B4D1-34659A5C856B}.Release|iPhoneSimulator.ActiveCfg = Release|Any CPU
		{CCBE5C1D-7C76-4774-B4D1-34659A5C856B}.Release|iPhoneSimulator.Build.0 = Release|Any CPU
		{31B95673-DFD2-4613-BAD6-7892CB29F4B9}.Ad-Hoc|Any CPU.ActiveCfg = Debug|Any CPU
		{31B95673-DFD2-4613-BAD6-7892CB29F4B9}.Ad-Hoc|Any CPU.Build.0 = Debug|Any CPU
		{31B95673-DFD2-4613-BAD6-7892CB29F4B9}.Ad-Hoc|iPhone.ActiveCfg = Debug|Any CPU
		{31B95673-DFD2-4613-BAD6-7892CB29F4B9}.Ad-Hoc|iPhone.Build.0 = Debug|Any CPU
		{31B95673-DFD2-4613-BAD6-7892CB29F4B9}.Ad-Hoc|iPhoneSimulator.ActiveCfg = Debug|Any CPU
		{31B95673-DFD2-4613-BAD6-7892CB29F4B9}.Ad-Hoc|iPhoneSimulator.Build.0 = Debug|Any CPU
		{31B95673-DFD2-4613-BAD6-7892CB29F4B9}.AppStore|Any CPU.ActiveCfg = Debug|Any CPU
		{31B95673-DFD2-4613-BAD6-7892CB29F4B9}.AppStore|Any CPU.Build.0 = Debug|Any CPU
		{31B95673-DFD2-4613-BAD6-7892CB29F4B9}.AppStore|iPhone.ActiveCfg = Debug|Any CPU
		{31B95673-DFD2-4613-BAD6-7892CB29F4B9}.AppStore|iPhone.Build.0 = Debug|Any CPU
		{31B95673-DFD2-4613-BAD6-7892CB29F4B9}.AppStore|iPhoneSimulator.ActiveCfg = Debug|Any CPU
		{31B95673-DFD2-4613-BAD6-7892CB29F4B9}.AppStore|iPhoneSimulator.Build.0 = Debug|Any CPU
		{31B95673-DFD2-4613-BAD6-7892CB29F4B9}.Debug|Any CPU.ActiveCfg = Debug|Any CPU
		{31B95673-DFD2-4613-BAD6-7892CB29F4B9}.Debug|Any CPU.Build.0 = Debug|Any CPU
		{31B95673-DFD2-4613-BAD6-7892CB29F4B9}.Debug|iPhone.ActiveCfg = Debug|Any CPU
		{31B95673-DFD2-4613-BAD6-7892CB29F4B9}.Debug|iPhone.Build.0 = Debug|Any CPU
		{31B95673-DFD2-4613-BAD6-7892CB29F4B9}.Debug|iPhoneSimulator.ActiveCfg = Debug|Any CPU
		{31B95673-DFD2-4613-BAD6-7892CB29F4B9}.Debug|iPhoneSimulator.Build.0 = Debug|Any CPU
		{31B95673-DFD2-4613-BAD6-7892CB29F4B9}.Release|Any CPU.ActiveCfg = Release|Any CPU
		{31B95673-DFD2-4613-BAD6-7892CB29F4B9}.Release|Any CPU.Build.0 = Release|Any CPU
		{31B95673-DFD2-4613-BAD6-7892CB29F4B9}.Release|iPhone.ActiveCfg = Debug|Any CPU
		{31B95673-DFD2-4613-BAD6-7892CB29F4B9}.Release|iPhone.Build.0 = Debug|Any CPU
		{31B95673-DFD2-4613-BAD6-7892CB29F4B9}.Release|iPhoneSimulator.ActiveCfg = Debug|Any CPU
		{31B95673-DFD2-4613-BAD6-7892CB29F4B9}.Release|iPhoneSimulator.Build.0 = Debug|Any CPU
		{CEDCFABE-658C-42AB-BCE2-A96A7B17410E}.Ad-Hoc|Any CPU.ActiveCfg = Debug|Any CPU
		{CEDCFABE-658C-42AB-BCE2-A96A7B17410E}.Ad-Hoc|Any CPU.Build.0 = Debug|Any CPU
		{CEDCFABE-658C-42AB-BCE2-A96A7B17410E}.Ad-Hoc|iPhone.ActiveCfg = Debug|Any CPU
		{CEDCFABE-658C-42AB-BCE2-A96A7B17410E}.Ad-Hoc|iPhone.Build.0 = Debug|Any CPU
		{CEDCFABE-658C-42AB-BCE2-A96A7B17410E}.Ad-Hoc|iPhoneSimulator.ActiveCfg = Debug|Any CPU
		{CEDCFABE-658C-42AB-BCE2-A96A7B17410E}.Ad-Hoc|iPhoneSimulator.Build.0 = Debug|Any CPU
		{CEDCFABE-658C-42AB-BCE2-A96A7B17410E}.AppStore|Any CPU.ActiveCfg = Debug|Any CPU
		{CEDCFABE-658C-42AB-BCE2-A96A7B17410E}.AppStore|Any CPU.Build.0 = Debug|Any CPU
		{CEDCFABE-658C-42AB-BCE2-A96A7B17410E}.AppStore|iPhone.ActiveCfg = Debug|Any CPU
		{CEDCFABE-658C-42AB-BCE2-A96A7B17410E}.AppStore|iPhone.Build.0 = Debug|Any CPU
		{CEDCFABE-658C-42AB-BCE2-A96A7B17410E}.AppStore|iPhoneSimulator.ActiveCfg = Debug|Any CPU
		{CEDCFABE-658C-42AB-BCE2-A96A7B17410E}.AppStore|iPhoneSimulator.Build.0 = Debug|Any CPU
		{CEDCFABE-658C-42AB-BCE2-A96A7B17410E}.Debug|Any CPU.ActiveCfg = Debug|Any CPU
		{CEDCFABE-658C-42AB-BCE2-A96A7B17410E}.Debug|Any CPU.Build.0 = Debug|Any CPU
		{CEDCFABE-658C-42AB-BCE2-A96A7B17410E}.Debug|iPhone.ActiveCfg = Debug|Any CPU
		{CEDCFABE-658C-42AB-BCE2-A96A7B17410E}.Debug|iPhone.Build.0 = Debug|Any CPU
		{CEDCFABE-658C-42AB-BCE2-A96A7B17410E}.Debug|iPhoneSimulator.ActiveCfg = Debug|Any CPU
		{CEDCFABE-658C-42AB-BCE2-A96A7B17410E}.Debug|iPhoneSimulator.Build.0 = Debug|Any CPU
		{CEDCFABE-658C-42AB-BCE2-A96A7B17410E}.Release|Any CPU.ActiveCfg = Release|Any CPU
		{CEDCFABE-658C-42AB-BCE2-A96A7B17410E}.Release|Any CPU.Build.0 = Release|Any CPU
		{CEDCFABE-658C-42AB-BCE2-A96A7B17410E}.Release|iPhone.ActiveCfg = Release|Any CPU
		{CEDCFABE-658C-42AB-BCE2-A96A7B17410E}.Release|iPhone.Build.0 = Release|Any CPU
		{CEDCFABE-658C-42AB-BCE2-A96A7B17410E}.Release|iPhoneSimulator.ActiveCfg = Release|Any CPU
		{CEDCFABE-658C-42AB-BCE2-A96A7B17410E}.Release|iPhoneSimulator.Build.0 = Release|Any CPU
		{57E0455D-D565-44BB-B069-EE1AA20F8337}.Ad-Hoc|Any CPU.ActiveCfg = Ad-Hoc|iPhone
		{57E0455D-D565-44BB-B069-EE1AA20F8337}.Ad-Hoc|iPhone.ActiveCfg = Ad-Hoc|iPhone
		{57E0455D-D565-44BB-B069-EE1AA20F8337}.Ad-Hoc|iPhone.Build.0 = Ad-Hoc|iPhone
		{57E0455D-D565-44BB-B069-EE1AA20F8337}.Ad-Hoc|iPhoneSimulator.ActiveCfg = Ad-Hoc|iPhoneSimulator
		{57E0455D-D565-44BB-B069-EE1AA20F8337}.Ad-Hoc|iPhoneSimulator.Build.0 = Ad-Hoc|iPhoneSimulator
		{57E0455D-D565-44BB-B069-EE1AA20F8337}.AppStore|Any CPU.ActiveCfg = AppStore|iPhone
		{57E0455D-D565-44BB-B069-EE1AA20F8337}.AppStore|iPhone.ActiveCfg = AppStore|iPhone
		{57E0455D-D565-44BB-B069-EE1AA20F8337}.AppStore|iPhone.Build.0 = AppStore|iPhone
		{57E0455D-D565-44BB-B069-EE1AA20F8337}.AppStore|iPhoneSimulator.ActiveCfg = AppStore|iPhoneSimulator
		{57E0455D-D565-44BB-B069-EE1AA20F8337}.AppStore|iPhoneSimulator.Build.0 = AppStore|iPhoneSimulator
		{57E0455D-D565-44BB-B069-EE1AA20F8337}.Debug|Any CPU.ActiveCfg = Debug|iPhone
		{57E0455D-D565-44BB-B069-EE1AA20F8337}.Debug|iPhone.ActiveCfg = Debug|iPhone
		{57E0455D-D565-44BB-B069-EE1AA20F8337}.Debug|iPhone.Build.0 = Debug|iPhone
		{57E0455D-D565-44BB-B069-EE1AA20F8337}.Debug|iPhoneSimulator.ActiveCfg = Debug|iPhoneSimulator
		{57E0455D-D565-44BB-B069-EE1AA20F8337}.Debug|iPhoneSimulator.Build.0 = Debug|iPhoneSimulator
		{57E0455D-D565-44BB-B069-EE1AA20F8337}.Release|Any CPU.ActiveCfg = Release|iPhone
		{57E0455D-D565-44BB-B069-EE1AA20F8337}.Release|iPhone.ActiveCfg = Release|iPhone
		{57E0455D-D565-44BB-B069-EE1AA20F8337}.Release|iPhone.Build.0 = Release|iPhone
		{57E0455D-D565-44BB-B069-EE1AA20F8337}.Release|iPhoneSimulator.ActiveCfg = Release|iPhoneSimulator
		{57E0455D-D565-44BB-B069-EE1AA20F8337}.Release|iPhoneSimulator.Build.0 = Release|iPhoneSimulator
		{29132311-1848-4FD6-AE0C-4FF841151BD3}.Ad-Hoc|Any CPU.ActiveCfg = Release|Any CPU
		{29132311-1848-4FD6-AE0C-4FF841151BD3}.Ad-Hoc|Any CPU.Build.0 = Release|Any CPU
		{29132311-1848-4FD6-AE0C-4FF841151BD3}.Ad-Hoc|Any CPU.Deploy.0 = Release|Any CPU
		{29132311-1848-4FD6-AE0C-4FF841151BD3}.Ad-Hoc|iPhone.ActiveCfg = Release|Any CPU
		{29132311-1848-4FD6-AE0C-4FF841151BD3}.Ad-Hoc|iPhone.Build.0 = Release|Any CPU
		{29132311-1848-4FD6-AE0C-4FF841151BD3}.Ad-Hoc|iPhone.Deploy.0 = Release|Any CPU
		{29132311-1848-4FD6-AE0C-4FF841151BD3}.Ad-Hoc|iPhoneSimulator.ActiveCfg = Release|Any CPU
		{29132311-1848-4FD6-AE0C-4FF841151BD3}.Ad-Hoc|iPhoneSimulator.Build.0 = Release|Any CPU
		{29132311-1848-4FD6-AE0C-4FF841151BD3}.Ad-Hoc|iPhoneSimulator.Deploy.0 = Release|Any CPU
		{29132311-1848-4FD6-AE0C-4FF841151BD3}.AppStore|Any CPU.ActiveCfg = Release|Any CPU
		{29132311-1848-4FD6-AE0C-4FF841151BD3}.AppStore|Any CPU.Build.0 = Release|Any CPU
		{29132311-1848-4FD6-AE0C-4FF841151BD3}.AppStore|Any CPU.Deploy.0 = Release|Any CPU
		{29132311-1848-4FD6-AE0C-4FF841151BD3}.AppStore|iPhone.ActiveCfg = Release|Any CPU
		{29132311-1848-4FD6-AE0C-4FF841151BD3}.AppStore|iPhone.Build.0 = Release|Any CPU
		{29132311-1848-4FD6-AE0C-4FF841151BD3}.AppStore|iPhone.Deploy.0 = Release|Any CPU
		{29132311-1848-4FD6-AE0C-4FF841151BD3}.AppStore|iPhoneSimulator.ActiveCfg = Release|Any CPU
		{29132311-1848-4FD6-AE0C-4FF841151BD3}.AppStore|iPhoneSimulator.Build.0 = Release|Any CPU
		{29132311-1848-4FD6-AE0C-4FF841151BD3}.AppStore|iPhoneSimulator.Deploy.0 = Release|Any CPU
		{29132311-1848-4FD6-AE0C-4FF841151BD3}.Debug|Any CPU.ActiveCfg = Debug|Any CPU
		{29132311-1848-4FD6-AE0C-4FF841151BD3}.Debug|Any CPU.Build.0 = Debug|Any CPU
		{29132311-1848-4FD6-AE0C-4FF841151BD3}.Debug|Any CPU.Deploy.0 = Debug|Any CPU
		{29132311-1848-4FD6-AE0C-4FF841151BD3}.Debug|iPhone.ActiveCfg = Debug|Any CPU
		{29132311-1848-4FD6-AE0C-4FF841151BD3}.Debug|iPhone.Build.0 = Debug|Any CPU
		{29132311-1848-4FD6-AE0C-4FF841151BD3}.Debug|iPhone.Deploy.0 = Debug|Any CPU
		{29132311-1848-4FD6-AE0C-4FF841151BD3}.Debug|iPhoneSimulator.ActiveCfg = Debug|Any CPU
		{29132311-1848-4FD6-AE0C-4FF841151BD3}.Debug|iPhoneSimulator.Build.0 = Debug|Any CPU
		{29132311-1848-4FD6-AE0C-4FF841151BD3}.Debug|iPhoneSimulator.Deploy.0 = Debug|Any CPU
		{29132311-1848-4FD6-AE0C-4FF841151BD3}.Release|Any CPU.ActiveCfg = Release|Any CPU
		{29132311-1848-4FD6-AE0C-4FF841151BD3}.Release|Any CPU.Build.0 = Release|Any CPU
		{29132311-1848-4FD6-AE0C-4FF841151BD3}.Release|Any CPU.Deploy.0 = Release|Any CPU
		{29132311-1848-4FD6-AE0C-4FF841151BD3}.Release|iPhone.ActiveCfg = Release|Any CPU
		{29132311-1848-4FD6-AE0C-4FF841151BD3}.Release|iPhone.Build.0 = Release|Any CPU
		{29132311-1848-4FD6-AE0C-4FF841151BD3}.Release|iPhone.Deploy.0 = Release|Any CPU
		{29132311-1848-4FD6-AE0C-4FF841151BD3}.Release|iPhoneSimulator.ActiveCfg = Release|Any CPU
		{29132311-1848-4FD6-AE0C-4FF841151BD3}.Release|iPhoneSimulator.Build.0 = Release|Any CPU
		{29132311-1848-4FD6-AE0C-4FF841151BD3}.Release|iPhoneSimulator.Deploy.0 = Release|Any CPU
		{2B15A32D-C213-4C60-981A-350E1569E5DA}.Ad-Hoc|Any CPU.ActiveCfg = Debug|Any CPU
		{2B15A32D-C213-4C60-981A-350E1569E5DA}.Ad-Hoc|Any CPU.Build.0 = Debug|Any CPU
		{2B15A32D-C213-4C60-981A-350E1569E5DA}.Ad-Hoc|iPhone.ActiveCfg = Debug|Any CPU
		{2B15A32D-C213-4C60-981A-350E1569E5DA}.Ad-Hoc|iPhone.Build.0 = Debug|Any CPU
		{2B15A32D-C213-4C60-981A-350E1569E5DA}.Ad-Hoc|iPhoneSimulator.ActiveCfg = Debug|Any CPU
		{2B15A32D-C213-4C60-981A-350E1569E5DA}.Ad-Hoc|iPhoneSimulator.Build.0 = Debug|Any CPU
		{2B15A32D-C213-4C60-981A-350E1569E5DA}.AppStore|Any CPU.ActiveCfg = Debug|Any CPU
		{2B15A32D-C213-4C60-981A-350E1569E5DA}.AppStore|Any CPU.Build.0 = Debug|Any CPU
		{2B15A32D-C213-4C60-981A-350E1569E5DA}.AppStore|iPhone.ActiveCfg = Debug|Any CPU
		{2B15A32D-C213-4C60-981A-350E1569E5DA}.AppStore|iPhone.Build.0 = Debug|Any CPU
		{2B15A32D-C213-4C60-981A-350E1569E5DA}.AppStore|iPhoneSimulator.ActiveCfg = Debug|Any CPU
		{2B15A32D-C213-4C60-981A-350E1569E5DA}.AppStore|iPhoneSimulator.Build.0 = Debug|Any CPU
		{2B15A32D-C213-4C60-981A-350E1569E5DA}.Debug|Any CPU.ActiveCfg = Debug|Any CPU
		{2B15A32D-C213-4C60-981A-350E1569E5DA}.Debug|Any CPU.Build.0 = Debug|Any CPU
		{2B15A32D-C213-4C60-981A-350E1569E5DA}.Debug|iPhone.ActiveCfg = Debug|Any CPU
		{2B15A32D-C213-4C60-981A-350E1569E5DA}.Debug|iPhone.Build.0 = Debug|Any CPU
		{2B15A32D-C213-4C60-981A-350E1569E5DA}.Debug|iPhoneSimulator.ActiveCfg = Debug|Any CPU
		{2B15A32D-C213-4C60-981A-350E1569E5DA}.Debug|iPhoneSimulator.Build.0 = Debug|Any CPU
		{2B15A32D-C213-4C60-981A-350E1569E5DA}.Release|Any CPU.ActiveCfg = Release|Any CPU
		{2B15A32D-C213-4C60-981A-350E1569E5DA}.Release|Any CPU.Build.0 = Release|Any CPU
		{2B15A32D-C213-4C60-981A-350E1569E5DA}.Release|iPhone.ActiveCfg = Release|Any CPU
		{2B15A32D-C213-4C60-981A-350E1569E5DA}.Release|iPhone.Build.0 = Release|Any CPU
		{2B15A32D-C213-4C60-981A-350E1569E5DA}.Release|iPhoneSimulator.ActiveCfg = Release|Any CPU
		{2B15A32D-C213-4C60-981A-350E1569E5DA}.Release|iPhoneSimulator.Build.0 = Release|Any CPU
	EndGlobalSection
	GlobalSection(SolutionProperties) = preSolution
		HideSolutionNode = FALSE
	EndGlobalSection
	GlobalSection(ExtensibilityGlobals) = postSolution
		SolutionGuid = {26C7F5BF-9040-4BC5-B85A-579E7061A93B}
	EndGlobalSection
EndGlobal
