
Microsoft Visual Studio Solution File, Format Version 12.00
# Visual Studio 15
VisualStudioVersion = 15.0.28010.2036
MinimumVisualStudioVersion = 10.0.40219.1
Project("{9A19103F-16F7-4668-BE54-9A1E7A4F7556}") = "PokemonBattleEngine", "PokemonBattleEngine\PokemonBattleEngine.csproj", "{AC469C92-3871-41DD-AA00-D3E36A5BDA2F}"
EndProject
Project("{9A19103F-16F7-4668-BE54-9A1E7A4F7556}") = "PokemonBattleEngineServer", "PokemonBattleEngineServer\PokemonBattleEngineServer.csproj", "{BE8F0292-CE0E-4023-984A-17A4016518FA}"
EndProject
Project("{9A19103F-16F7-4668-BE54-9A1E7A4F7556}") = "PokemonBattleEngineClient", "PokemonBattleEngineClient\PokemonBattleEngineClient.csproj", "{BFADDEA8-741D-439C-82DF-849CB665EF84}"
EndProject
Project("{FAE04EC0-301F-11D3-BF4B-00C04F79EFBC}") = "PokemonBattleEngineDiscord", "PokemonBattleEngineDiscord\PokemonBattleEngineDiscord.csproj", "{CCBE5C1D-7C76-4774-B4D1-34659A5C856B}"
EndProject
Global
	GlobalSection(SolutionConfigurationPlatforms) = preSolution
		Debug|Any CPU = Debug|Any CPU
		Release|Any CPU = Release|Any CPU
	EndGlobalSection
	GlobalSection(ProjectConfigurationPlatforms) = postSolution
		{AC469C92-3871-41DD-AA00-D3E36A5BDA2F}.Debug|Any CPU.ActiveCfg = Debug|Any CPU
		{AC469C92-3871-41DD-AA00-D3E36A5BDA2F}.Debug|Any CPU.Build.0 = Debug|Any CPU
		{AC469C92-3871-41DD-AA00-D3E36A5BDA2F}.Release|Any CPU.ActiveCfg = Release|Any CPU
		{AC469C92-3871-41DD-AA00-D3E36A5BDA2F}.Release|Any CPU.Build.0 = Release|Any CPU
		{BE8F0292-CE0E-4023-984A-17A4016518FA}.Debug|Any CPU.ActiveCfg = Debug|Any CPU
		{BE8F0292-CE0E-4023-984A-17A4016518FA}.Debug|Any CPU.Build.0 = Debug|Any CPU
		{BE8F0292-CE0E-4023-984A-17A4016518FA}.Release|Any CPU.ActiveCfg = Release|Any CPU
		{BE8F0292-CE0E-4023-984A-17A4016518FA}.Release|Any CPU.Build.0 = Release|Any CPU
		{BFADDEA8-741D-439C-82DF-849CB665EF84}.Debug|Any CPU.ActiveCfg = Debug|Any CPU
		{BFADDEA8-741D-439C-82DF-849CB665EF84}.Debug|Any CPU.Build.0 = Debug|Any CPU
		{BFADDEA8-741D-439C-82DF-849CB665EF84}.Release|Any CPU.ActiveCfg = Release|Any CPU
		{BFADDEA8-741D-439C-82DF-849CB665EF84}.Release|Any CPU.Build.0 = Release|Any CPU
		{CCBE5C1D-7C76-4774-B4D1-34659A5C856B}.Debug|Any CPU.ActiveCfg = Debug|Any CPU
		{CCBE5C1D-7C76-4774-B4D1-34659A5C856B}.Debug|Any CPU.Build.0 = Debug|Any CPU
		{CCBE5C1D-7C76-4774-B4D1-34659A5C856B}.Release|Any CPU.ActiveCfg = Release|Any CPU
		{CCBE5C1D-7C76-4774-B4D1-34659A5C856B}.Release|Any CPU.Build.0 = Release|Any CPU
	EndGlobalSection
	GlobalSection(SolutionProperties) = preSolution
		HideSolutionNode = FALSE
	EndGlobalSection
	GlobalSection(ExtensibilityGlobals) = postSolution
		SolutionGuid = {26C7F5BF-9040-4BC5-B85A-579E7061A93B}
	EndGlobalSection
EndGlobal
